
Microsoft Visual Studio Solution File, Format Version 12.00
# Visual Studio Version 17
VisualStudioVersion = 17.4.33110.190
MinimumVisualStudioVersion = 10.0.40219.1
Project("{FAE04EC0-301F-11D3-BF4B-00C04F79EFBC}") = "api-final-assesment", "api-final-assesment\api-final-assesment.csproj", "{5D662CBA-45ED-424D-AFA4-07DD8A893560}"
EndProject
Global
	GlobalSection(SolutionConfigurationPlatforms) = preSolution
		Debug|Any CPU = Debug|Any CPU
		Release|Any CPU = Release|Any CPU
	EndGlobalSection
	GlobalSection(ProjectConfigurationPlatforms) = postSolution
		{5D662CBA-45ED-424D-AFA4-07DD8A893560}.Debug|Any CPU.ActiveCfg = Debug|Any CPU
		{5D662CBA-45ED-424D-AFA4-07DD8A893560}.Debug|Any CPU.Build.0 = Debug|Any CPU
		{5D662CBA-45ED-424D-AFA4-07DD8A893560}.Release|Any CPU.ActiveCfg = Release|Any CPU
		{5D662CBA-45ED-424D-AFA4-07DD8A893560}.Release|Any CPU.Build.0 = Release|Any CPU
	EndGlobalSection
	GlobalSection(SolutionProperties) = preSolution
		HideSolutionNode = FALSE
	EndGlobalSection
	GlobalSection(ExtensibilityGlobals) = postSolution
		SolutionGuid = {987A901A-7B5C-402C-AE79-C79DC725F16B}
	EndGlobalSection
EndGlobal
